
Microsoft Visual Studio Solution File, Format Version 12.00
# Visual Studio Version 16
VisualStudioVersion = 16.0.29709.97
MinimumVisualStudioVersion = 10.0.40219.1
Project("{FAE04EC0-301F-11D3-BF4B-00C04F79EFBC}") = "cooperz_Lab", "cooperz_assign01\cooperz_Lab.csproj", "{AAFE1962-DE21-444D-80D1-E456495C7861}"
EndProject
Global
	GlobalSection(SolutionConfigurationPlatforms) = preSolution
		Debug|Any CPU = Debug|Any CPU
		Release|Any CPU = Release|Any CPU
	EndGlobalSection
	GlobalSection(ProjectConfigurationPlatforms) = postSolution
		{AAFE1962-DE21-444D-80D1-E456495C7861}.Debug|Any CPU.ActiveCfg = Debug|Any CPU
		{AAFE1962-DE21-444D-80D1-E456495C7861}.Debug|Any CPU.Build.0 = Debug|Any CPU
		{AAFE1962-DE21-444D-80D1-E456495C7861}.Release|Any CPU.ActiveCfg = Release|Any CPU
		{AAFE1962-DE21-444D-80D1-E456495C7861}.Release|Any CPU.Build.0 = Release|Any CPU
	EndGlobalSection
	GlobalSection(SolutionProperties) = preSolution
		HideSolutionNode = FALSE
	EndGlobalSection
	GlobalSection(ExtensibilityGlobals) = postSolution
		SolutionGuid = {3412A8F5-B0AD-4469-BB95-AF9AD65BCD30}
	EndGlobalSection
EndGlobal
